data:
  - items:
      3.11: '311'
      3.12: '312'
      '3.10': '310'
    name: py-versions

environment:
  contents:
    packages:
      - build-base
      - busybox
      - py3-supported-hatch-vcs
      - py3-supported-hatchling
      - py3-supported-pip
      - py3-supported-python
      - py3-supported-setuptools
      - py3-supported-wheel

package:
  copyright:
    - license: Unlicense
  dependencies:
    provider-priority: 0
  description: A platform independent file lock.
  epoch: 1
  name: py3-filelock
  version: 3.15.4

pipeline:
  - uses: git-checkout
    with:
      expected-commit: 9a979dfe68fab75517c0612952ea401a232055a0
      repository: https://github.com/benediktschmitt/py-filelock
      tag: ${{package.version}}

subpackages:
  - dependencies:
      provider-priority: ${{range.value}}
      provides:
        - py3-${{vars.pypi-package}}
      runtime:
        - py${{range.key}}-typing-extensions
    description: ${{vars.pypi-package}} installed for python${{range.key}}
    name: py${{range.key}}-${{vars.pypi-package}}
    pipeline:
      - uses: py/pip-build-install
        with:
          python: python${{range.key}}
      - uses: strip
    range: py-versions
    test:
      pipeline:
        - uses: python/import
          with:
            import: ${{vars.pypi-package}}
            python: python${{range.key}}
        - uses: py/pip-check

update:
  enabled: true
  github:
    identifier: benediktschmitt/py-filelock
    use-tag: true

vars:
  pypi-package: filelock
